
Microsoft Visual Studio Solution File, Format Version 12.00
# Visual Studio 15
VisualStudioVersion = 15.0.26228.10
MinimumVisualStudioVersion = 10.0.40219.1
Project("{FAE04EC0-301F-11D3-BF4B-00C04F79EFBC}") = "ODataExample.Android", "ODataExample\ODataExample.Android\ODataExample.Android.csproj", "{34183160-8BF8-46C0-93EB-C5B105740518}"
EndProject
Project("{FAE04EC0-301F-11D3-BF4B-00C04F79EFBC}") = "ODataExample", "ODataExample\ODataExample\ODataExample.csproj", "{7558C7A9-326B-4C37-89D4-89BB54C763DA}"
EndProject
Project("{FAE04EC0-301F-11D3-BF4B-00C04F79EFBC}") = "ODataExample.UWP", "ODataExample\ODataExample.UWP\ODataExample.UWP.csproj", "{19872B60-7A0A-4143-B7FB-B09732D06446}"
EndProject
Project("{FAE04EC0-301F-11D3-BF4B-00C04F79EFBC}") = "ODataExample.iOS", "ODataExample\ODataExample.iOS\ODataExample.iOS.csproj", "{5071E2A9-E9A3-4210-A2C5-21781D032314}"
EndProject
Global
	GlobalSection(SolutionConfigurationPlatforms) = preSolution
		Ad-Hoc|Any CPU = Ad-Hoc|Any CPU
		Ad-Hoc|ARM = Ad-Hoc|ARM
		Ad-Hoc|iPhone = Ad-Hoc|iPhone
		Ad-Hoc|iPhoneSimulator = Ad-Hoc|iPhoneSimulator
		Ad-Hoc|x64 = Ad-Hoc|x64
		Ad-Hoc|x86 = Ad-Hoc|x86
		AppStore|Any CPU = AppStore|Any CPU
		AppStore|ARM = AppStore|ARM
		AppStore|iPhone = AppStore|iPhone
		AppStore|iPhoneSimulator = AppStore|iPhoneSimulator
		AppStore|x64 = AppStore|x64
		AppStore|x86 = AppStore|x86
		Debug|Any CPU = Debug|Any CPU
		Debug|ARM = Debug|ARM
		Debug|iPhone = Debug|iPhone
		Debug|iPhoneSimulator = Debug|iPhoneSimulator
		Debug|x64 = Debug|x64
		Debug|x86 = Debug|x86
		Release|Any CPU = Release|Any CPU
		Release|ARM = Release|ARM
		Release|iPhone = Release|iPhone
		Release|iPhoneSimulator = Release|iPhoneSimulator
		Release|x64 = Release|x64
		Release|x86 = Release|x86
	EndGlobalSection
	GlobalSection(ProjectConfigurationPlatforms) = postSolution
		{34183160-8BF8-46C0-93EB-C5B105740518}.Ad-Hoc|Any CPU.ActiveCfg = Release|Any CPU
		{34183160-8BF8-46C0-93EB-C5B105740518}.Ad-Hoc|Any CPU.Build.0 = Release|Any CPU
		{34183160-8BF8-46C0-93EB-C5B105740518}.Ad-Hoc|Any CPU.Deploy.0 = Release|Any CPU
		{34183160-8BF8-46C0-93EB-C5B105740518}.Ad-Hoc|ARM.ActiveCfg = Release|Any CPU
		{34183160-8BF8-46C0-93EB-C5B105740518}.Ad-Hoc|ARM.Build.0 = Release|Any CPU
		{34183160-8BF8-46C0-93EB-C5B105740518}.Ad-Hoc|ARM.Deploy.0 = Release|Any CPU
		{34183160-8BF8-46C0-93EB-C5B105740518}.Ad-Hoc|iPhone.ActiveCfg = Release|Any CPU
		{34183160-8BF8-46C0-93EB-C5B105740518}.Ad-Hoc|iPhone.Build.0 = Release|Any CPU
		{34183160-8BF8-46C0-93EB-C5B105740518}.Ad-Hoc|iPhone.Deploy.0 = Release|Any CPU
		{34183160-8BF8-46C0-93EB-C5B105740518}.Ad-Hoc|iPhoneSimulator.ActiveCfg = Release|Any CPU
		{34183160-8BF8-46C0-93EB-C5B105740518}.Ad-Hoc|iPhoneSimulator.Build.0 = Release|Any CPU
		{34183160-8BF8-46C0-93EB-C5B105740518}.Ad-Hoc|iPhoneSimulator.Deploy.0 = Release|Any CPU
		{34183160-8BF8-46C0-93EB-C5B105740518}.Ad-Hoc|x64.ActiveCfg = Release|Any CPU
		{34183160-8BF8-46C0-93EB-C5B105740518}.Ad-Hoc|x64.Build.0 = Release|Any CPU
		{34183160-8BF8-46C0-93EB-C5B105740518}.Ad-Hoc|x64.Deploy.0 = Release|Any CPU
		{34183160-8BF8-46C0-93EB-C5B105740518}.Ad-Hoc|x86.ActiveCfg = Release|Any CPU
		{34183160-8BF8-46C0-93EB-C5B105740518}.Ad-Hoc|x86.Build.0 = Release|Any CPU
		{34183160-8BF8-46C0-93EB-C5B105740518}.Ad-Hoc|x86.Deploy.0 = Release|Any CPU
		{34183160-8BF8-46C0-93EB-C5B105740518}.AppStore|Any CPU.ActiveCfg = Release|Any CPU
		{34183160-8BF8-46C0-93EB-C5B105740518}.AppStore|Any CPU.Build.0 = Release|Any CPU
		{34183160-8BF8-46C0-93EB-C5B105740518}.AppStore|Any CPU.Deploy.0 = Release|Any CPU
		{34183160-8BF8-46C0-93EB-C5B105740518}.AppStore|ARM.ActiveCfg = Release|Any CPU
		{34183160-8BF8-46C0-93EB-C5B105740518}.AppStore|ARM.Build.0 = Release|Any CPU
		{34183160-8BF8-46C0-93EB-C5B105740518}.AppStore|ARM.Deploy.0 = Release|Any CPU
		{34183160-8BF8-46C0-93EB-C5B105740518}.AppStore|iPhone.ActiveCfg = Release|Any CPU
		{34183160-8BF8-46C0-93EB-C5B105740518}.AppStore|iPhone.Build.0 = Release|Any CPU
		{34183160-8BF8-46C0-93EB-C5B105740518}.AppStore|iPhone.Deploy.0 = Release|Any CPU
		{34183160-8BF8-46C0-93EB-C5B105740518}.AppStore|iPhoneSimulator.ActiveCfg = Release|Any CPU
		{34183160-8BF8-46C0-93EB-C5B105740518}.AppStore|iPhoneSimulator.Build.0 = Release|Any CPU
		{34183160-8BF8-46C0-93EB-C5B105740518}.AppStore|iPhoneSimulator.Deploy.0 = Release|Any CPU
		{34183160-8BF8-46C0-93EB-C5B105740518}.AppStore|x64.ActiveCfg = Release|Any CPU
		{34183160-8BF8-46C0-93EB-C5B105740518}.AppStore|x64.Build.0 = Release|Any CPU
		{34183160-8BF8-46C0-93EB-C5B105740518}.AppStore|x64.Deploy.0 = Release|Any CPU
		{34183160-8BF8-46C0-93EB-C5B105740518}.AppStore|x86.ActiveCfg = Release|Any CPU
		{34183160-8BF8-46C0-93EB-C5B105740518}.AppStore|x86.Build.0 = Release|Any CPU
		{34183160-8BF8-46C0-93EB-C5B105740518}.AppStore|x86.Deploy.0 = Release|Any CPU
		{34183160-8BF8-46C0-93EB-C5B105740518}.Debug|Any CPU.ActiveCfg = Debug|Any CPU
		{34183160-8BF8-46C0-93EB-C5B105740518}.Debug|Any CPU.Build.0 = Debug|Any CPU
		{34183160-8BF8-46C0-93EB-C5B105740518}.Debug|Any CPU.Deploy.0 = Debug|Any CPU
		{34183160-8BF8-46C0-93EB-C5B105740518}.Debug|ARM.ActiveCfg = Debug|Any CPU
		{34183160-8BF8-46C0-93EB-C5B105740518}.Debug|ARM.Build.0 = Debug|Any CPU
		{34183160-8BF8-46C0-93EB-C5B105740518}.Debug|ARM.Deploy.0 = Debug|Any CPU
		{34183160-8BF8-46C0-93EB-C5B105740518}.Debug|iPhone.ActiveCfg = Debug|Any CPU
		{34183160-8BF8-46C0-93EB-C5B105740518}.Debug|iPhone.Build.0 = Debug|Any CPU
		{34183160-8BF8-46C0-93EB-C5B105740518}.Debug|iPhone.Deploy.0 = Debug|Any CPU
		{34183160-8BF8-46C0-93EB-C5B105740518}.Debug|iPhoneSimulator.ActiveCfg = Debug|Any CPU
		{34183160-8BF8-46C0-93EB-C5B105740518}.Debug|iPhoneSimulator.Build.0 = Debug|Any CPU
		{34183160-8BF8-46C0-93EB-C5B105740518}.Debug|iPhoneSimulator.Deploy.0 = Debug|Any CPU
		{34183160-8BF8-46C0-93EB-C5B105740518}.Debug|x64.ActiveCfg = Debug|Any CPU
		{34183160-8BF8-46C0-93EB-C5B105740518}.Debug|x64.Build.0 = Debug|Any CPU
		{34183160-8BF8-46C0-93EB-C5B105740518}.Debug|x64.Deploy.0 = Debug|Any CPU
		{34183160-8BF8-46C0-93EB-C5B105740518}.Debug|x86.ActiveCfg = Debug|Any CPU
		{34183160-8BF8-46C0-93EB-C5B105740518}.Debug|x86.Build.0 = Debug|Any CPU
		{34183160-8BF8-46C0-93EB-C5B105740518}.Debug|x86.Deploy.0 = Debug|Any CPU
		{34183160-8BF8-46C0-93EB-C5B105740518}.Release|Any CPU.ActiveCfg = Release|Any CPU
		{34183160-8BF8-46C0-93EB-C5B105740518}.Release|Any CPU.Build.0 = Release|Any CPU
		{34183160-8BF8-46C0-93EB-C5B105740518}.Release|Any CPU.Deploy.0 = Release|Any CPU
		{34183160-8BF8-46C0-93EB-C5B105740518}.Release|ARM.ActiveCfg = Release|Any CPU
		{34183160-8BF8-46C0-93EB-C5B105740518}.Release|ARM.Build.0 = Release|Any CPU
		{34183160-8BF8-46C0-93EB-C5B105740518}.Release|ARM.Deploy.0 = Release|Any CPU
		{34183160-8BF8-46C0-93EB-C5B105740518}.Release|iPhone.ActiveCfg = Release|Any CPU
		{34183160-8BF8-46C0-93EB-C5B105740518}.Release|iPhone.Build.0 = Release|Any CPU
		{34183160-8BF8-46C0-93EB-C5B105740518}.Release|iPhone.Deploy.0 = Release|Any CPU
		{34183160-8BF8-46C0-93EB-C5B105740518}.Release|iPhoneSimulator.ActiveCfg = Release|Any CPU
		{34183160-8BF8-46C0-93EB-C5B105740518}.Release|iPhoneSimulator.Build.0 = Release|Any CPU
		{34183160-8BF8-46C0-93EB-C5B105740518}.Release|iPhoneSimulator.Deploy.0 = Release|Any CPU
		{34183160-8BF8-46C0-93EB-C5B105740518}.Release|x64.ActiveCfg = Release|Any CPU
		{34183160-8BF8-46C0-93EB-C5B105740518}.Release|x64.Build.0 = Release|Any CPU
		{34183160-8BF8-46C0-93EB-C5B105740518}.Release|x64.Deploy.0 = Release|Any CPU
		{34183160-8BF8-46C0-93EB-C5B105740518}.Release|x86.ActiveCfg = Release|Any CPU
		{34183160-8BF8-46C0-93EB-C5B105740518}.Release|x86.Build.0 = Release|Any CPU
		{34183160-8BF8-46C0-93EB-C5B105740518}.Release|x86.Deploy.0 = Release|Any CPU
		{7558C7A9-326B-4C37-89D4-89BB54C763DA}.Ad-Hoc|Any CPU.ActiveCfg = Release|Any CPU
		{7558C7A9-326B-4C37-89D4-89BB54C763DA}.Ad-Hoc|Any CPU.Build.0 = Release|Any CPU
		{7558C7A9-326B-4C37-89D4-89BB54C763DA}.Ad-Hoc|ARM.ActiveCfg = Release|Any CPU
		{7558C7A9-326B-4C37-89D4-89BB54C763DA}.Ad-Hoc|ARM.Build.0 = Release|Any CPU
		{7558C7A9-326B-4C37-89D4-89BB54C763DA}.Ad-Hoc|iPhone.ActiveCfg = Release|Any CPU
		{7558C7A9-326B-4C37-89D4-89BB54C763DA}.Ad-Hoc|iPhone.Build.0 = Release|Any CPU
		{7558C7A9-326B-4C37-89D4-89BB54C763DA}.Ad-Hoc|iPhoneSimulator.ActiveCfg = Release|Any CPU
		{7558C7A9-326B-4C37-89D4-89BB54C763DA}.Ad-Hoc|iPhoneSimulator.Build.0 = Release|Any CPU
		{7558C7A9-326B-4C37-89D4-89BB54C763DA}.Ad-Hoc|x64.ActiveCfg = Release|Any CPU
		{7558C7A9-326B-4C37-89D4-89BB54C763DA}.Ad-Hoc|x64.Build.0 = Release|Any CPU
		{7558C7A9-326B-4C37-89D4-89BB54C763DA}.Ad-Hoc|x86.ActiveCfg = Release|Any CPU
		{7558C7A9-326B-4C37-89D4-89BB54C763DA}.Ad-Hoc|x86.Build.0 = Release|Any CPU
		{7558C7A9-326B-4C37-89D4-89BB54C763DA}.AppStore|Any CPU.ActiveCfg = Release|Any CPU
		{7558C7A9-326B-4C37-89D4-89BB54C763DA}.AppStore|Any CPU.Build.0 = Release|Any CPU
		{7558C7A9-326B-4C37-89D4-89BB54C763DA}.AppStore|ARM.ActiveCfg = Release|Any CPU
		{7558C7A9-326B-4C37-89D4-89BB54C763DA}.AppStore|ARM.Build.0 = Release|Any CPU
		{7558C7A9-326B-4C37-89D4-89BB54C763DA}.AppStore|iPhone.ActiveCfg = Release|Any CPU
		{7558C7A9-326B-4C37-89D4-89BB54C763DA}.AppStore|iPhone.Build.0 = Release|Any CPU
		{7558C7A9-326B-4C37-89D4-89BB54C763DA}.AppStore|iPhoneSimulator.ActiveCfg = Release|Any CPU
		{7558C7A9-326B-4C37-89D4-89BB54C763DA}.AppStore|iPhoneSimulator.Build.0 = Release|Any CPU
		{7558C7A9-326B-4C37-89D4-89BB54C763DA}.AppStore|x64.ActiveCfg = Release|Any CPU
		{7558C7A9-326B-4C37-89D4-89BB54C763DA}.AppStore|x64.Build.0 = Release|Any CPU
		{7558C7A9-326B-4C37-89D4-89BB54C763DA}.AppStore|x86.ActiveCfg = Release|Any CPU
		{7558C7A9-326B-4C37-89D4-89BB54C763DA}.AppStore|x86.Build.0 = Release|Any CPU
		{7558C7A9-326B-4C37-89D4-89BB54C763DA}.Debug|Any CPU.ActiveCfg = Debug|Any CPU
		{7558C7A9-326B-4C37-89D4-89BB54C763DA}.Debug|Any CPU.Build.0 = Debug|Any CPU
		{7558C7A9-326B-4C37-89D4-89BB54C763DA}.Debug|ARM.ActiveCfg = Debug|Any CPU
		{7558C7A9-326B-4C37-89D4-89BB54C763DA}.Debug|ARM.Build.0 = Debug|Any CPU
		{7558C7A9-326B-4C37-89D4-89BB54C763DA}.Debug|iPhone.ActiveCfg = Debug|Any CPU
		{7558C7A9-326B-4C37-89D4-89BB54C763DA}.Debug|iPhone.Build.0 = Debug|Any CPU
		{7558C7A9-326B-4C37-89D4-89BB54C763DA}.Debug|iPhoneSimulator.ActiveCfg = Debug|Any CPU
		{7558C7A9-326B-4C37-89D4-89BB54C763DA}.Debug|iPhoneSimulator.Build.0 = Debug|Any CPU
		{7558C7A9-326B-4C37-89D4-89BB54C763DA}.Debug|x64.ActiveCfg = Debug|Any CPU
		{7558C7A9-326B-4C37-89D4-89BB54C763DA}.Debug|x64.Build.0 = Debug|Any CPU
		{7558C7A9-326B-4C37-89D4-89BB54C763DA}.Debug|x86.ActiveCfg = Debug|Any CPU
		{7558C7A9-326B-4C37-89D4-89BB54C763DA}.Debug|x86.Build.0 = Debug|Any CPU
		{7558C7A9-326B-4C37-89D4-89BB54C763DA}.Release|Any CPU.ActiveCfg = Release|Any CPU
		{7558C7A9-326B-4C37-89D4-89BB54C763DA}.Release|Any CPU.Build.0 = Release|Any CPU
		{7558C7A9-326B-4C37-89D4-89BB54C763DA}.Release|ARM.ActiveCfg = Release|Any CPU
		{7558C7A9-326B-4C37-89D4-89BB54C763DA}.Release|ARM.Build.0 = Release|Any CPU
		{7558C7A9-326B-4C37-89D4-89BB54C763DA}.Release|iPhone.ActiveCfg = Release|Any CPU
		{7558C7A9-326B-4C37-89D4-89BB54C763DA}.Release|iPhone.Build.0 = Release|Any CPU
		{7558C7A9-326B-4C37-89D4-89BB54C763DA}.Release|iPhoneSimulator.ActiveCfg = Release|Any CPU
		{7558C7A9-326B-4C37-89D4-89BB54C763DA}.Release|iPhoneSimulator.Build.0 = Release|Any CPU
		{7558C7A9-326B-4C37-89D4-89BB54C763DA}.Release|x64.ActiveCfg = Release|Any CPU
		{7558C7A9-326B-4C37-89D4-89BB54C763DA}.Release|x64.Build.0 = Release|Any CPU
		{7558C7A9-326B-4C37-89D4-89BB54C763DA}.Release|x86.ActiveCfg = Release|Any CPU
		{7558C7A9-326B-4C37-89D4-89BB54C763DA}.Release|x86.Build.0 = Release|Any CPU
		{19872B60-7A0A-4143-B7FB-B09732D06446}.Ad-Hoc|Any CPU.ActiveCfg = Release|x86
		{19872B60-7A0A-4143-B7FB-B09732D06446}.Ad-Hoc|Any CPU.Build.0 = Release|x86
		{19872B60-7A0A-4143-B7FB-B09732D06446}.Ad-Hoc|Any CPU.Deploy.0 = Release|x86
		{19872B60-7A0A-4143-B7FB-B09732D06446}.Ad-Hoc|ARM.ActiveCfg = Release|ARM
		{19872B60-7A0A-4143-B7FB-B09732D06446}.Ad-Hoc|ARM.Build.0 = Release|ARM
		{19872B60-7A0A-4143-B7FB-B09732D06446}.Ad-Hoc|ARM.Deploy.0 = Release|ARM
		{19872B60-7A0A-4143-B7FB-B09732D06446}.Ad-Hoc|iPhone.ActiveCfg = Release|x86
		{19872B60-7A0A-4143-B7FB-B09732D06446}.Ad-Hoc|iPhone.Build.0 = Release|x86
		{19872B60-7A0A-4143-B7FB-B09732D06446}.Ad-Hoc|iPhone.Deploy.0 = Release|x86
		{19872B60-7A0A-4143-B7FB-B09732D06446}.Ad-Hoc|iPhoneSimulator.ActiveCfg = Release|x86
		{19872B60-7A0A-4143-B7FB-B09732D06446}.Ad-Hoc|iPhoneSimulator.Build.0 = Release|x86
		{19872B60-7A0A-4143-B7FB-B09732D06446}.Ad-Hoc|iPhoneSimulator.Deploy.0 = Release|x86
		{19872B60-7A0A-4143-B7FB-B09732D06446}.Ad-Hoc|x64.ActiveCfg = Release|x64
		{19872B60-7A0A-4143-B7FB-B09732D06446}.Ad-Hoc|x64.Build.0 = Release|x64
		{19872B60-7A0A-4143-B7FB-B09732D06446}.Ad-Hoc|x64.Deploy.0 = Release|x64
		{19872B60-7A0A-4143-B7FB-B09732D06446}.Ad-Hoc|x86.ActiveCfg = Release|x86
		{19872B60-7A0A-4143-B7FB-B09732D06446}.Ad-Hoc|x86.Build.0 = Release|x86
		{19872B60-7A0A-4143-B7FB-B09732D06446}.Ad-Hoc|x86.Deploy.0 = Release|x86
		{19872B60-7A0A-4143-B7FB-B09732D06446}.AppStore|Any CPU.ActiveCfg = Release|x86
		{19872B60-7A0A-4143-B7FB-B09732D06446}.AppStore|Any CPU.Build.0 = Release|x86
		{19872B60-7A0A-4143-B7FB-B09732D06446}.AppStore|Any CPU.Deploy.0 = Release|x86
		{19872B60-7A0A-4143-B7FB-B09732D06446}.AppStore|ARM.ActiveCfg = Release|ARM
		{19872B60-7A0A-4143-B7FB-B09732D06446}.AppStore|ARM.Build.0 = Release|ARM
		{19872B60-7A0A-4143-B7FB-B09732D06446}.AppStore|ARM.Deploy.0 = Release|ARM
		{19872B60-7A0A-4143-B7FB-B09732D06446}.AppStore|iPhone.ActiveCfg = Release|x86
		{19872B60-7A0A-4143-B7FB-B09732D06446}.AppStore|iPhone.Build.0 = Release|x86
		{19872B60-7A0A-4143-B7FB-B09732D06446}.AppStore|iPhone.Deploy.0 = Release|x86
		{19872B60-7A0A-4143-B7FB-B09732D06446}.AppStore|iPhoneSimulator.ActiveCfg = Release|x86
		{19872B60-7A0A-4143-B7FB-B09732D06446}.AppStore|iPhoneSimulator.Build.0 = Release|x86
		{19872B60-7A0A-4143-B7FB-B09732D06446}.AppStore|iPhoneSimulator.Deploy.0 = Release|x86
		{19872B60-7A0A-4143-B7FB-B09732D06446}.AppStore|x64.ActiveCfg = Release|x64
		{19872B60-7A0A-4143-B7FB-B09732D06446}.AppStore|x64.Build.0 = Release|x64
		{19872B60-7A0A-4143-B7FB-B09732D06446}.AppStore|x64.Deploy.0 = Release|x64
		{19872B60-7A0A-4143-B7FB-B09732D06446}.AppStore|x86.ActiveCfg = Release|x86
		{19872B60-7A0A-4143-B7FB-B09732D06446}.AppStore|x86.Build.0 = Release|x86
		{19872B60-7A0A-4143-B7FB-B09732D06446}.AppStore|x86.Deploy.0 = Release|x86
		{19872B60-7A0A-4143-B7FB-B09732D06446}.Debug|Any CPU.ActiveCfg = Debug|x86
		{19872B60-7A0A-4143-B7FB-B09732D06446}.Debug|Any CPU.Build.0 = Debug|x86
		{19872B60-7A0A-4143-B7FB-B09732D06446}.Debug|Any CPU.Deploy.0 = Debug|x86
		{19872B60-7A0A-4143-B7FB-B09732D06446}.Debug|ARM.ActiveCfg = Debug|ARM
		{19872B60-7A0A-4143-B7FB-B09732D06446}.Debug|ARM.Build.0 = Debug|ARM
		{19872B60-7A0A-4143-B7FB-B09732D06446}.Debug|ARM.Deploy.0 = Debug|ARM
		{19872B60-7A0A-4143-B7FB-B09732D06446}.Debug|iPhone.ActiveCfg = Debug|x86
		{19872B60-7A0A-4143-B7FB-B09732D06446}.Debug|iPhoneSimulator.ActiveCfg = Debug|x86
		{19872B60-7A0A-4143-B7FB-B09732D06446}.Debug|x64.ActiveCfg = Debug|x64
		{19872B60-7A0A-4143-B7FB-B09732D06446}.Debug|x64.Build.0 = Debug|x64
		{19872B60-7A0A-4143-B7FB-B09732D06446}.Debug|x64.Deploy.0 = Debug|x64
		{19872B60-7A0A-4143-B7FB-B09732D06446}.Debug|x86.ActiveCfg = Debug|x86
		{19872B60-7A0A-4143-B7FB-B09732D06446}.Debug|x86.Build.0 = Debug|x86
		{19872B60-7A0A-4143-B7FB-B09732D06446}.Debug|x86.Deploy.0 = Debug|x86
		{19872B60-7A0A-4143-B7FB-B09732D06446}.Release|Any CPU.ActiveCfg = Release|x86
		{19872B60-7A0A-4143-B7FB-B09732D06446}.Release|ARM.ActiveCfg = Release|ARM
		{19872B60-7A0A-4143-B7FB-B09732D06446}.Release|ARM.Build.0 = Release|ARM
		{19872B60-7A0A-4143-B7FB-B09732D06446}.Release|ARM.Deploy.0 = Release|ARM
		{19872B60-7A0A-4143-B7FB-B09732D06446}.Release|iPhone.ActiveCfg = Release|x86
		{19872B60-7A0A-4143-B7FB-B09732D06446}.Release|iPhoneSimulator.ActiveCfg = Release|x86
		{19872B60-7A0A-4143-B7FB-B09732D06446}.Release|x64.ActiveCfg = Release|x64
		{19872B60-7A0A-4143-B7FB-B09732D06446}.Release|x64.Build.0 = Release|x64
		{19872B60-7A0A-4143-B7FB-B09732D06446}.Release|x64.Deploy.0 = Release|x64
		{19872B60-7A0A-4143-B7FB-B09732D06446}.Release|x86.ActiveCfg = Release|x86
		{19872B60-7A0A-4143-B7FB-B09732D06446}.Release|x86.Build.0 = Release|x86
		{19872B60-7A0A-4143-B7FB-B09732D06446}.Release|x86.Deploy.0 = Release|x86
		{5071E2A9-E9A3-4210-A2C5-21781D032314}.Ad-Hoc|Any CPU.ActiveCfg = Ad-Hoc|iPhone
		{5071E2A9-E9A3-4210-A2C5-21781D032314}.Ad-Hoc|ARM.ActiveCfg = Ad-Hoc|iPhone
		{5071E2A9-E9A3-4210-A2C5-21781D032314}.Ad-Hoc|iPhone.ActiveCfg = Ad-Hoc|iPhone
		{5071E2A9-E9A3-4210-A2C5-21781D032314}.Ad-Hoc|iPhone.Build.0 = Ad-Hoc|iPhone
		{5071E2A9-E9A3-4210-A2C5-21781D032314}.Ad-Hoc|iPhoneSimulator.ActiveCfg = Ad-Hoc|iPhoneSimulator
		{5071E2A9-E9A3-4210-A2C5-21781D032314}.Ad-Hoc|iPhoneSimulator.Build.0 = Ad-Hoc|iPhoneSimulator
		{5071E2A9-E9A3-4210-A2C5-21781D032314}.Ad-Hoc|x64.ActiveCfg = Ad-Hoc|iPhone
		{5071E2A9-E9A3-4210-A2C5-21781D032314}.Ad-Hoc|x86.ActiveCfg = Ad-Hoc|iPhone
		{5071E2A9-E9A3-4210-A2C5-21781D032314}.AppStore|Any CPU.ActiveCfg = AppStore|iPhone
		{5071E2A9-E9A3-4210-A2C5-21781D032314}.AppStore|ARM.ActiveCfg = AppStore|iPhone
		{5071E2A9-E9A3-4210-A2C5-21781D032314}.AppStore|iPhone.ActiveCfg = AppStore|iPhone
		{5071E2A9-E9A3-4210-A2C5-21781D032314}.AppStore|iPhone.Build.0 = AppStore|iPhone
		{5071E2A9-E9A3-4210-A2C5-21781D032314}.AppStore|iPhoneSimulator.ActiveCfg = AppStore|iPhoneSimulator
		{5071E2A9-E9A3-4210-A2C5-21781D032314}.AppStore|iPhoneSimulator.Build.0 = AppStore|iPhoneSimulator
		{5071E2A9-E9A3-4210-A2C5-21781D032314}.AppStore|x64.ActiveCfg = AppStore|iPhone
		{5071E2A9-E9A3-4210-A2C5-21781D032314}.AppStore|x86.ActiveCfg = AppStore|iPhone
		{5071E2A9-E9A3-4210-A2C5-21781D032314}.Debug|Any CPU.ActiveCfg = Debug|iPhone
		{5071E2A9-E9A3-4210-A2C5-21781D032314}.Debug|ARM.ActiveCfg = Debug|iPhone
		{5071E2A9-E9A3-4210-A2C5-21781D032314}.Debug|iPhone.ActiveCfg = Debug|iPhone
		{5071E2A9-E9A3-4210-A2C5-21781D032314}.Debug|iPhone.Build.0 = Debug|iPhone
		{5071E2A9-E9A3-4210-A2C5-21781D032314}.Debug|iPhoneSimulator.ActiveCfg = Debug|iPhoneSimulator
		{5071E2A9-E9A3-4210-A2C5-21781D032314}.Debug|iPhoneSimulator.Build.0 = Debug|iPhoneSimulator
		{5071E2A9-E9A3-4210-A2C5-21781D032314}.Debug|x64.ActiveCfg = Debug|iPhone
		{5071E2A9-E9A3-4210-A2C5-21781D032314}.Debug|x86.ActiveCfg = Debug|iPhone
		{5071E2A9-E9A3-4210-A2C5-21781D032314}.Release|Any CPU.ActiveCfg = Release|iPhone
		{5071E2A9-E9A3-4210-A2C5-21781D032314}.Release|ARM.ActiveCfg = Release|iPhone
		{5071E2A9-E9A3-4210-A2C5-21781D032314}.Release|iPhone.ActiveCfg = Release|iPhone
		{5071E2A9-E9A3-4210-A2C5-21781D032314}.Release|iPhone.Build.0 = Release|iPhone
		{5071E2A9-E9A3-4210-A2C5-21781D032314}.Release|iPhoneSimulator.ActiveCfg = Release|iPhoneSimulator
		{5071E2A9-E9A3-4210-A2C5-21781D032314}.Release|iPhoneSimulator.Build.0 = Release|iPhoneSimulator
		{5071E2A9-E9A3-4210-A2C5-21781D032314}.Release|x64.ActiveCfg = Release|iPhone
		{5071E2A9-E9A3-4210-A2C5-21781D032314}.Release|x86.ActiveCfg = Release|iPhone
	EndGlobalSection
	GlobalSection(SolutionProperties) = preSolution
		HideSolutionNode = FALSE
	EndGlobalSection
EndGlobal
